
Microsoft Visual Studio Solution File, Format Version 12.00
# Visual Studio Version 17
VisualStudioVersion = 17.6.33712.159
MinimumVisualStudioVersion = 10.0.40219.1
Project("{FAE04EC0-301F-11D3-BF4B-00C04F79EFBC}") = "ChatCilent", "ChatCilent.csproj", "{D95FE417-BA52-4455-8775-13FA7F67403D}"
EndProject
Project("{FAE04EC0-301F-11D3-BF4B-00C04F79EFBC}") = "ChatServer", "..\ChatServer\ChatServer.csproj", "{2BFF12FB-DE46-4DC9-94A2-AF5C2A07E9B9}"
EndProject
Global
	GlobalSection(SolutionConfigurationPlatforms) = preSolution
		Debug|Any CPU = Debug|Any CPU
		Release|Any CPU = Release|Any CPU
	EndGlobalSection
	GlobalSection(ProjectConfigurationPlatforms) = postSolution
		{D95FE417-BA52-4455-8775-13FA7F67403D}.Debug|Any CPU.ActiveCfg = Debug|Any CPU
		{D95FE417-BA52-4455-8775-13FA7F67403D}.Debug|Any CPU.Build.0 = Debug|Any CPU
		{D95FE417-BA52-4455-8775-13FA7F67403D}.Release|Any CPU.ActiveCfg = Release|Any CPU
		{D95FE417-BA52-4455-8775-13FA7F67403D}.Release|Any CPU.Build.0 = Release|Any CPU
		{2BFF12FB-DE46-4DC9-94A2-AF5C2A07E9B9}.Debug|Any CPU.ActiveCfg = Debug|Any CPU
		{2BFF12FB-DE46-4DC9-94A2-AF5C2A07E9B9}.Debug|Any CPU.Build.0 = Debug|Any CPU
		{2BFF12FB-DE46-4DC9-94A2-AF5C2A07E9B9}.Release|Any CPU.ActiveCfg = Release|Any CPU
		{2BFF12FB-DE46-4DC9-94A2-AF5C2A07E9B9}.Release|Any CPU.Build.0 = Release|Any CPU
	EndGlobalSection
	GlobalSection(SolutionProperties) = preSolution
		HideSolutionNode = FALSE
	EndGlobalSection
	GlobalSection(ExtensibilityGlobals) = postSolution
		SolutionGuid = {AE54DB45-FCA0-4686-8B64-E311F9581B4E}
	EndGlobalSection
EndGlobal
